
Microsoft Visual Studio Solution File, Format Version 12.00
# Visual Studio Version 16
VisualStudioVersion = 16.0.29806.167
MinimumVisualStudioVersion = 10.0.40219.1
Project("{930C7802-8A8C-48F9-8165-68863BCCD9DD}") = "TCMailer_TC3oE", "TCMailer_TC3oE\TCMailer_TC3oE.wixproj", "{7D74E908-A252-4DE8-B432-299A31F362C5}"
EndProject
Global
	GlobalSection(SolutionConfigurationPlatforms) = preSolution
		Debug|x64 = Debug|x64
		Debug|x86 = Debug|x86
		Release|x64 = Release|x64
		Release|x86 = Release|x86
	EndGlobalSection
	GlobalSection(ProjectConfigurationPlatforms) = postSolution
		{7D74E908-A252-4DE8-B432-299A31F362C5}.Debug|x64.ActiveCfg = Debug|x64
		{7D74E908-A252-4DE8-B432-299A31F362C5}.Debug|x64.Build.0 = Debug|x64
		{7D74E908-A252-4DE8-B432-299A31F362C5}.Debug|x86.ActiveCfg = Debug|x86
		{7D74E908-A252-4DE8-B432-299A31F362C5}.Debug|x86.Build.0 = Debug|x86
		{7D74E908-A252-4DE8-B432-299A31F362C5}.Release|x64.ActiveCfg = Release|x64
		{7D74E908-A252-4DE8-B432-299A31F362C5}.Release|x64.Build.0 = Release|x64
		{7D74E908-A252-4DE8-B432-299A31F362C5}.Release|x86.ActiveCfg = Release|x86
		{7D74E908-A252-4DE8-B432-299A31F362C5}.Release|x86.Build.0 = Release|x86
	EndGlobalSection
	GlobalSection(SolutionProperties) = preSolution
		HideSolutionNode = FALSE
	EndGlobalSection
	GlobalSection(ExtensibilityGlobals) = postSolution
		SolutionGuid = {D154983E-A4FC-45C5-85B0-C05D6D026FDE}
	EndGlobalSection
EndGlobal
